
Microsoft Visual Studio Solution File, Format Version 12.00
# Visual Studio 15
VisualStudioVersion = 15.0.27703.2018
MinimumVisualStudioVersion = 10.0.40219.1
Project("{FAE04EC0-301F-11D3-BF4B-00C04F79EFBC}") = "TypeScriptDemo", "TypeScriptDemo\TypeScriptDemo.csproj", "{DDCB6199-B6BC-4856-A93D-A9B2C8A0B3CC}"
EndProject
Global
	GlobalSection(SolutionConfigurationPlatforms) = preSolution
		Debug|Any CPU = Debug|Any CPU
		Release|Any CPU = Release|Any CPU
	EndGlobalSection
	GlobalSection(ProjectConfigurationPlatforms) = postSolution
		{DDCB6199-B6BC-4856-A93D-A9B2C8A0B3CC}.Debug|Any CPU.ActiveCfg = Debug|Any CPU
		{DDCB6199-B6BC-4856-A93D-A9B2C8A0B3CC}.Debug|Any CPU.Build.0 = Debug|Any CPU
		{DDCB6199-B6BC-4856-A93D-A9B2C8A0B3CC}.Release|Any CPU.ActiveCfg = Release|Any CPU
		{DDCB6199-B6BC-4856-A93D-A9B2C8A0B3CC}.Release|Any CPU.Build.0 = Release|Any CPU
	EndGlobalSection
	GlobalSection(SolutionProperties) = preSolution
		HideSolutionNode = FALSE
	EndGlobalSection
	GlobalSection(ExtensibilityGlobals) = postSolution
		SolutionGuid = {29C5FA6B-247F-4AB1-8A5D-35BE9393ABC8}
	EndGlobalSection
EndGlobal
